# This file is automatically @generated by Cargo.
# It is not intended for manual editing.
version = 4

[[package]]
name = "rrfind"
version = "0.1.0"

[[package]]
name = "rrfish-core"
version = "0.1.0"

[[package]]
name = "rrfish-mcp"
version = "0.1.0"

[[package]]
name = "rrfish-types"
version = "0.1.0"

[[package]]
name = "rrfishd"
version = "0.1.0"
